Microsoft Visual Studio Solution File, Format Version 12.00
# Visual Studio Version 16
VisualStudioVersion = 16.0.29806.167
MinimumVisualStudioVersion = 10.0.40219.1
Project("{FAE04EC0-301F-11D3-BF4B-00C04F79EFBC}") = "WorkScheduler.Android", "WorkScheduler.Android\WorkScheduler.Android.csproj", "{8A395981-6202-42AB-A698-E4321F5980C2}"
EndProject
Project("{FAE04EC0-301F-11D3-BF4B-00C04F79EFBC}") = "WorkScheduler.iOS", "WorkScheduler.iOS\WorkScheduler.iOS.csproj", "{9CD4B148-7565-4CC7-940E-433035ED7986}"
EndProject
Project("{9A19103F-16F7-4668-BE54-9A1E7A4F7556}") = "WorkScheduler", "WorkScheduler\WorkScheduler.csproj", "{805D8D20-3D16-473B-B7F7-259AA660A87D}"
EndProject
Project("{FAE04EC0-301F-11D3-BF4B-00C04F79EFBC}") = "WorkScheduler.UWP", "WorkScheduler.UWP\WorkScheduler.UWP.csproj", "{7DE9EA67-9583-4C8C-B836-11C55F27B312}"
EndProject
Global
	GlobalSection(SolutionConfigurationPlatforms) = preSolution
		Debug|Any CPU = Debug|Any CPU
		Debug|ARM = Debug|ARM
		Debug|ARM64 = Debug|ARM64
		Debug|iPhone = Debug|iPhone
		Debug|iPhoneSimulator = Debug|iPhoneSimulator
		Debug|x64 = Debug|x64
		Debug|x86 = Debug|x86
		Release|Any CPU = Release|Any CPU
		Release|ARM = Release|ARM
		Release|ARM64 = Release|ARM64
		Release|iPhone = Release|iPhone
		Release|iPhoneSimulator = Release|iPhoneSimulator
		Release|x64 = Release|x64
		Release|x86 = Release|x86
	EndGlobalSection
	GlobalSection(ProjectConfigurationPlatforms) = postSolution
		{8A395981-6202-42AB-A698-E4321F5980C2}.Debug|Any CPU.ActiveCfg = Debug|Any CPU
		{8A395981-6202-42AB-A698-E4321F5980C2}.Debug|Any CPU.Build.0 = Debug|Any CPU
		{8A395981-6202-42AB-A698-E4321F5980C2}.Debug|ARM.ActiveCfg = Debug|Any CPU
		{8A395981-6202-42AB-A698-E4321F5980C2}.Debug|ARM.Build.0 = Debug|Any CPU
		{8A395981-6202-42AB-A698-E4321F5980C2}.Debug|ARM.Deploy.0 = Debug|Any CPU
		{8A395981-6202-42AB-A698-E4321F5980C2}.Debug|ARM64.ActiveCfg = Debug|Any CPU
		{8A395981-6202-42AB-A698-E4321F5980C2}.Debug|ARM64.Build.0 = Debug|Any CPU
		{8A395981-6202-42AB-A698-E4321F5980C2}.Debug|ARM64.Deploy.0 = Debug|Any CPU
		{8A395981-6202-42AB-A698-E4321F5980C2}.Debug|iPhone.ActiveCfg = Debug|Any CPU
		{8A395981-6202-42AB-A698-E4321F5980C2}.Debug|iPhone.Build.0 = Debug|Any CPU
		{8A395981-6202-42AB-A698-E4321F5980C2}.Debug|iPhoneSimulator.ActiveCfg = Debug|Any CPU
		{8A395981-6202-42AB-A698-E4321F5980C2}.Debug|iPhoneSimulator.Build.0 = Debug|Any CPU
		{8A395981-6202-42AB-A698-E4321F5980C2}.Debug|x64.ActiveCfg = Debug|Any CPU
		{8A395981-6202-42AB-A698-E4321F5980C2}.Debug|x64.Build.0 = Debug|Any CPU
		{8A395981-6202-42AB-A698-E4321F5980C2}.Debug|x64.Deploy.0 = Debug|Any CPU
		{8A395981-6202-42AB-A698-E4321F5980C2}.Debug|x86.ActiveCfg = Debug|Any CPU
		{8A395981-6202-42AB-A698-E4321F5980C2}.Debug|x86.Build.0 = Debug|Any CPU
		{8A395981-6202-42AB-A698-E4321F5980C2}.Debug|x86.Deploy.0 = Debug|Any CPU
		{8A395981-6202-42AB-A698-E4321F5980C2}.Release|Any CPU.ActiveCfg = Release|Any CPU
		{8A395981-6202-42AB-A698-E4321F5980C2}.Release|Any CPU.Build.0 = Release|Any CPU
		{8A395981-6202-42AB-A698-E4321F5980C2}.Release|ARM.ActiveCfg = Release|Any CPU
		{8A395981-6202-42AB-A698-E4321F5980C2}.Release|ARM.Build.0 = Release|Any CPU
		{8A395981-6202-42AB-A698-E4321F5980C2}.Release|ARM.Deploy.0 = Release|Any CPU
		{8A395981-6202-42AB-A698-E4321F5980C2}.Release|ARM64.ActiveCfg = Release|Any CPU
		{8A395981-6202-42AB-A698-E4321F5980C2}.Release|ARM64.Build.0 = Release|Any CPU
		{8A395981-6202-42AB-A698-E4321F5980C2}.Release|ARM64.Deploy.0 = Release|Any CPU
		{8A395981-6202-42AB-A698-E4321F5980C2}.Release|iPhone.ActiveCfg = Release|Any CPU
		{8A395981-6202-42AB-A698-E4321F5980C2}.Release|iPhone.Build.0 = Release|Any CPU
		{8A395981-6202-42AB-A698-E4321F5980C2}.Release|iPhoneSimulator.ActiveCfg = Release|Any CPU
		{8A395981-6202-42AB-A698-E4321F5980C2}.Release|iPhoneSimulator.Build.0 = Release|Any CPU
		{8A395981-6202-42AB-A698-E4321F5980C2}.Release|x64.ActiveCfg = Release|Any CPU
		{8A395981-6202-42AB-A698-E4321F5980C2}.Release|x64.Build.0 = Release|Any CPU
		{8A395981-6202-42AB-A698-E4321F5980C2}.Release|x64.Deploy.0 = Release|Any CPU
		{8A395981-6202-42AB-A698-E4321F5980C2}.Release|x86.ActiveCfg = Release|Any CPU
		{8A395981-6202-42AB-A698-E4321F5980C2}.Release|x86.Build.0 = Release|Any CPU
		{8A395981-6202-42AB-A698-E4321F5980C2}.Release|x86.Deploy.0 = Release|Any CPU
		{9CD4B148-7565-4CC7-940E-433035ED7986}.Debug|Any CPU.ActiveCfg = Debug|iPhoneSimulator
		{9CD4B148-7565-4CC7-940E-433035ED7986}.Debug|Any CPU.Build.0 = Debug|iPhoneSimulator
		{9CD4B148-7565-4CC7-940E-433035ED7986}.Debug|ARM.ActiveCfg = Debug|iPhone
		{9CD4B148-7565-4CC7-940E-433035ED7986}.Debug|ARM64.ActiveCfg = Debug|iPhone
		{9CD4B148-7565-4CC7-940E-433035ED7986}.Debug|iPhone.ActiveCfg = Debug|iPhone
		{9CD4B148-7565-4CC7-940E-433035ED7986}.Debug|iPhone.Build.0 = Debug|iPhone
		{9CD4B148-7565-4CC7-940E-433035ED7986}.Debug|iPhoneSimulator.ActiveCfg = Debug|iPhoneSimulator
		{9CD4B148-7565-4CC7-940E-433035ED7986}.Debug|iPhoneSimulator.Build.0 = Debug|iPhoneSimulator
		{9CD4B148-7565-4CC7-940E-433035ED7986}.Debug|x64.ActiveCfg = Debug|iPhone
		{9CD4B148-7565-4CC7-940E-433035ED7986}.Debug|x86.ActiveCfg = Debug|iPhone
		{9CD4B148-7565-4CC7-940E-433035ED7986}.Release|Any CPU.ActiveCfg = Release|iPhoneSimulator
		{9CD4B148-7565-4CC7-940E-433035ED7986}.Release|Any CPU.Build.0 = Release|iPhoneSimulator
		{9CD4B148-7565-4CC7-940E-433035ED7986}.Release|ARM.ActiveCfg = Release|iPhone
		{9CD4B148-7565-4CC7-940E-433035ED7986}.Release|ARM64.ActiveCfg = Release|iPhone
		{9CD4B148-7565-4CC7-940E-433035ED7986}.Release|iPhone.ActiveCfg = Release|iPhone
		{9CD4B148-7565-4CC7-940E-433035ED7986}.Release|iPhone.Build.0 = Release|iPhone
		{9CD4B148-7565-4CC7-940E-433035ED7986}.Release|iPhoneSimulator.ActiveCfg = Release|iPhoneSimulator
		{9CD4B148-7565-4CC7-940E-433035ED7986}.Release|iPhoneSimulator.Build.0 = Release|iPhoneSimulator
		{9CD4B148-7565-4CC7-940E-433035ED7986}.Release|x64.ActiveCfg = Release|iPhone
		{9CD4B148-7565-4CC7-940E-433035ED7986}.Release|x86.ActiveCfg = Release|iPhone
		{805D8D20-3D16-473B-B7F7-259AA660A87D}.Debug|Any CPU.ActiveCfg = Debug|Any CPU
		{805D8D20-3D16-473B-B7F7-259AA660A87D}.Debug|Any CPU.Build.0 = Debug|Any CPU
		{805D8D20-3D16-473B-B7F7-259AA660A87D}.Debug|ARM.ActiveCfg = Debug|Any CPU
		{805D8D20-3D16-473B-B7F7-259AA660A87D}.Debug|ARM.Build.0 = Debug|Any CPU
		{805D8D20-3D16-473B-B7F7-259AA660A87D}.Debug|ARM64.ActiveCfg = Debug|Any CPU
		{805D8D20-3D16-473B-B7F7-259AA660A87D}.Debug|ARM64.Build.0 = Debug|Any CPU
		{805D8D20-3D16-473B-B7F7-259AA660A87D}.Debug|iPhone.ActiveCfg = Debug|Any CPU
		{805D8D20-3D16-473B-B7F7-259AA660A87D}.Debug|iPhone.Build.0 = Debug|Any CPU
		{805D8D20-3D16-473B-B7F7-259AA660A87D}.Debug|iPhoneSimulator.ActiveCfg = Debug|Any CPU
		{805D8D20-3D16-473B-B7F7-259AA660A87D}.Debug|iPhoneSimulator.Build.0 = Debug|Any CPU
		{805D8D20-3D16-473B-B7F7-259AA660A87D}.Debug|x64.ActiveCfg = Debug|Any CPU
		{805D8D20-3D16-473B-B7F7-259AA660A87D}.Debug|x64.Build.0 = Debug|Any CPU
		{805D8D20-3D16-473B-B7F7-259AA660A87D}.Debug|x86.ActiveCfg = Debug|Any CPU
		{805D8D20-3D16-473B-B7F7-259AA660A87D}.Debug|x86.Build.0 = Debug|Any CPU
		{805D8D20-3D16-473B-B7F7-259AA660A87D}.Release|Any CPU.ActiveCfg = Release|Any CPU
		{805D8D20-3D16-473B-B7F7-259AA660A87D}.Release|Any CPU.Build.0 = Release|Any CPU
		{805D8D20-3D16-473B-B7F7-259AA660A87D}.Release|ARM.ActiveCfg = Release|Any CPU
		{805D8D20-3D16-473B-B7F7-259AA660A87D}.Release|ARM.Build.0 = Release|Any CPU
		{805D8D20-3D16-473B-B7F7-259AA660A87D}.Release|ARM64.ActiveCfg = Release|Any CPU
		{805D8D20-3D16-473B-B7F7-259AA660A87D}.Release|ARM64.Build.0 = Release|Any CPU
		{805D8D20-3D16-473B-B7F7-259AA660A87D}.Release|iPhone.ActiveCfg = Release|Any CPU
		{805D8D20-3D16-473B-B7F7-259AA660A87D}.Release|iPhone.Build.0 = Release|Any CPU
		{805D8D20-3D16-473B-B7F7-259AA660A87D}.Release|iPhoneSimulator.ActiveCfg = Release|Any CPU
		{805D8D20-3D16-473B-B7F7-259AA660A87D}.Release|iPhoneSimulator.Build.0 = Release|Any CPU
		{805D8D20-3D16-473B-B7F7-259AA660A87D}.Release|x64.ActiveCfg = Release|Any CPU
		{805D8D20-3D16-473B-B7F7-259AA660A87D}.Release|x64.Build.0 = Release|Any CPU
		{805D8D20-3D16-473B-B7F7-259AA660A87D}.Release|x86.ActiveCfg = Release|Any CPU
		{805D8D20-3D16-473B-B7F7-259AA660A87D}.Release|x86.Build.0 = Release|Any CPU
		{7DE9EA67-9583-4C8C-B836-11C55F27B312}.Debug|Any CPU.ActiveCfg = Debug|x86
		{7DE9EA67-9583-4C8C-B836-11C55F27B312}.Debug|Any CPU.Build.0 = Debug|x86
		{7DE9EA67-9583-4C8C-B836-11C55F27B312}.Debug|ARM.ActiveCfg = Debug|ARM
		{7DE9EA67-9583-4C8C-B836-11C55F27B312}.Debug|ARM.Build.0 = Debug|ARM
		{7DE9EA67-9583-4C8C-B836-11C55F27B312}.Debug|ARM.Deploy.0 = Debug|ARM
		{7DE9EA67-9583-4C8C-B836-11C55F27B312}.Debug|ARM64.ActiveCfg = Debug|ARM64
		{7DE9EA67-9583-4C8C-B836-11C55F27B312}.Debug|ARM64.Build.0 = Debug|ARM64
		{7DE9EA67-9583-4C8C-B836-11C55F27B312}.Debug|ARM64.Deploy.0 = Debug|ARM64
		{7DE9EA67-9583-4C8C-B836-11C55F27B312}.Debug|iPhone.ActiveCfg = Debug|x86
		{7DE9EA67-9583-4C8C-B836-11C55F27B312}.Debug|iPhoneSimulator.ActiveCfg = Debug|x86
		{7DE9EA67-9583-4C8C-B836-11C55F27B312}.Debug|x64.ActiveCfg = Debug|x64
		{7DE9EA67-9583-4C8C-B836-11C55F27B312}.Debug|x64.Build.0 = Debug|x64
		{7DE9EA67-9583-4C8C-B836-11C55F27B312}.Debug|x64.Deploy.0 = Debug|x64
		{7DE9EA67-9583-4C8C-B836-11C55F27B312}.Debug|x86.ActiveCfg = Debug|x86
		{7DE9EA67-9583-4C8C-B836-11C55F27B312}.Debug|x86.Build.0 = Debug|x86
		{7DE9EA67-9583-4C8C-B836-11C55F27B312}.Debug|x86.Deploy.0 = Debug|x86
		{7DE9EA67-9583-4C8C-B836-11C55F27B312}.Release|Any CPU.ActiveCfg = Release|x86
		{7DE9EA67-9583-4C8C-B836-11C55F27B312}.Release|ARM.ActiveCfg = Release|ARM
		{7DE9EA67-9583-4C8C-B836-11C55F27B312}.Release|ARM.Build.0 = Release|ARM
		{7DE9EA67-9583-4C8C-B836-11C55F27B312}.Release|ARM.Deploy.0 = Release|ARM
		{7DE9EA67-9583-4C8C-B836-11C55F27B312}.Release|ARM64.ActiveCfg = Release|ARM64
		{7DE9EA67-9583-4C8C-B836-11C55F27B312}.Release|ARM64.Build.0 = Release|ARM64
		{7DE9EA67-9583-4C8C-B836-11C55F27B312}.Release|ARM64.Deploy.0 = Release|ARM64
		{7DE9EA67-9583-4C8C-B836-11C55F27B312}.Release|iPhone.ActiveCfg = Release|x86
		{7DE9EA67-9583-4C8C-B836-11C55F27B312}.Release|iPhoneSimulator.ActiveCfg = Release|x86
		{7DE9EA67-9583-4C8C-B836-11C55F27B312}.Release|x64.ActiveCfg = Release|x64
		{7DE9EA67-9583-4C8C-B836-11C55F27B312}.Release|x64.Build.0 = Release|x64
		{7DE9EA67-9583-4C8C-B836-11C55F27B312}.Release|x64.Deploy.0 = Release|x64
		{7DE9EA67-9583-4C8C-B836-11C55F27B312}.Release|x86.ActiveCfg = Release|x86
		{7DE9EA67-9583-4C8C-B836-11C55F27B312}.Release|x86.Build.0 = Release|x86
		{7DE9EA67-9583-4C8C-B836-11C55F27B312}.Release|x86.Deploy.0 = Release|x86
	EndGlobalSection
	GlobalSection(SolutionProperties) = preSolution
		HideSolutionNode = FALSE
	EndGlobalSection
	GlobalSection(ExtensibilityGlobals) = postSolution
		SolutionGuid = {A096DBDA-6A51-4185-9A0B-3233CE199A70}
	EndGlobalSection
EndGlobal
